
Microsoft Visual Studio Solution File, Format Version 12.00
# 
Project("{FAE04EC0-301F-11D3-BF4B-00C04F79EFBC}") = "GearFlow.Application", "GearFlow.Application\GearFlow.Application.csproj", "{7B697E26-96A3-4315-8E9A-5EB2321891A4}"
EndProject
Project("{FAE04EC0-301F-11D3-BF4B-00C04F79EFBC}") = "GearFlow.Infrastructure", "GearFlow.Infrastructure\GearFlow.Infrastructure.csproj", "{405B5C49-4D9A-47DD-8F99-40E7786BEA1A}"
EndProject
Project("{FAE04EC0-301F-11D3-BF4B-00C04F79EFBC}") = "GearFlow.Domain", "GearFlow.Domain\GearFlow.Domain.csproj", "{47FFC8A1-FD5C-441F-9BD2-23DFEF6AEBFE}"
EndProject
Project("{FAE04EC0-301F-11D3-BF4B-00C04F79EFBC}") = "GearFlow.API", "GearFlow.API\GearFlow.API.csproj", "{C9F5280E-6F16-4639-BE09-63EDDD74ACB3}"
EndProject
Project("{FAE04EC0-301F-11D3-BF4B-00C04F79EFBC}") = "GearFlow.Tests", "GearFlow.Tests\GearFlow.Tests.csproj", "{B3A5419E-406A-4F5E-82C9-9CE050A24E7F}"
EndProject
Global
	GlobalSection(SolutionConfigurationPlatforms) = preSolution
		Debug|Any CPU = Debug|Any CPU
		Release|Any CPU = Release|Any CPU
	EndGlobalSection
	GlobalSection(ProjectConfigurationPlatforms) = postSolution
		{7B697E26-96A3-4315-8E9A-5EB2321891A4}.Debug|Any CPU.ActiveCfg = Debug|Any CPU
		{7B697E26-96A3-4315-8E9A-5EB2321891A4}.Debug|Any CPU.Build.0 = Debug|Any CPU
		{7B697E26-96A3-4315-8E9A-5EB2321891A4}.Release|Any CPU.ActiveCfg = Release|Any CPU
		{7B697E26-96A3-4315-8E9A-5EB2321891A4}.Release|Any CPU.Build.0 = Release|Any CPU
		{405B5C49-4D9A-47DD-8F99-40E7786BEA1A}.Debug|Any CPU.ActiveCfg = Debug|Any CPU
		{405B5C49-4D9A-47DD-8F99-40E7786BEA1A}.Debug|Any CPU.Build.0 = Debug|Any CPU
		{405B5C49-4D9A-47DD-8F99-40E7786BEA1A}.Release|Any CPU.ActiveCfg = Release|Any CPU
		{405B5C49-4D9A-47DD-8F99-40E7786BEA1A}.Release|Any CPU.Build.0 = Release|Any CPU
		{47FFC8A1-FD5C-441F-9BD2-23DFEF6AEBFE}.Debug|Any CPU.ActiveCfg = Debug|Any CPU
		{47FFC8A1-FD5C-441F-9BD2-23DFEF6AEBFE}.Debug|Any CPU.Build.0 = Debug|Any CPU
		{47FFC8A1-FD5C-441F-9BD2-23DFEF6AEBFE}.Release|Any CPU.ActiveCfg = Release|Any CPU
		{47FFC8A1-FD5C-441F-9BD2-23DFEF6AEBFE}.Release|Any CPU.Build.0 = Release|Any CPU
		{C9F5280E-6F16-4639-BE09-63EDDD74ACB3}.Debug|Any CPU.ActiveCfg = Debug|Any CPU
		{C9F5280E-6F16-4639-BE09-63EDDD74ACB3}.Debug|Any CPU.Build.0 = Debug|Any CPU
		{C9F5280E-6F16-4639-BE09-63EDDD74ACB3}.Release|Any CPU.ActiveCfg = Release|Any CPU
		{C9F5280E-6F16-4639-BE09-63EDDD74ACB3}.Release|Any CPU.Build.0 = Release|Any CPU
		{B3A5419E-406A-4F5E-82C9-9CE050A24E7F}.Debug|Any CPU.ActiveCfg = Debug|Any CPU
		{B3A5419E-406A-4F5E-82C9-9CE050A24E7F}.Debug|Any CPU.Build.0 = Debug|Any CPU
		{B3A5419E-406A-4F5E-82C9-9CE050A24E7F}.Release|Any CPU.ActiveCfg = Release|Any CPU
		{B3A5419E-406A-4F5E-82C9-9CE050A24E7F}.Release|Any CPU.Build.0 = Release|Any CPU
	EndGlobalSection
EndGlobal
